// !$*UTF8*$!
{
	archiveVersion = 1;
	classes = {
	};
	objectVersion = 56;
	objects = {

/* Begin PBXBuildFile section */
		04AF4B042CC74EE200AF2B93 /* AppDelegate.m in Sources */ = {isa = PBXBuildFile; fileRef = 04AF4B032CC74EE200AF2B93 /* AppDelegate.m */; };
		04AF4B072CC74EE200AF2B93 /* SceneDelegate.m in Sources */ = {isa = PBXBuildFile; fileRef = 04AF4B062CC74EE200AF2B93 /* SceneDelegate.m */; };
		04AF4B0A2CC74EE200AF2B93 /* ViewController.m in Sources */ = {isa = PBXBuildFile; fileRef = 04AF4B092CC74EE200AF2B93 /* ViewController.m */; };
		04AF4B0D2CC74EE200AF2B93 /* Main.storyboard in Resources */ = {isa = PBXBuildFile; fileRef = 04AF4B0B2CC74EE200AF2B93 /* Main.storyboard */; };
		04AF4B0F2CC74EE700AF2B93 /* Assets.xcassets in Resources */ = {isa = PBXBuildFile; fileRef = 04AF4B0E2CC74EE700AF2B93 /* Assets.xcassets */; };
		04AF4B122CC74EE700AF2B93 /* LaunchScreen.storyboard in Resources */ = {isa = PBXBuildFile; fileRef = 04AF4B102CC74EE700AF2B93 /* LaunchScreen.storyboard */; };
		04AF4B152CC74EE700AF2B93 /* main.m in Sources */ = {isa = PBXBuildFile; fileRef = 04AF4B142CC74EE700AF2B93 /* main.m */; };
		04AF4B1E2CC751DF00AF2B93 /* YTTestCollectionViewCell.m in Sources */ = {isa = PBXBuildFile; fileRef = 04AF4B1C2CC751DF00AF2B93 /* YTTestCollectionViewCell.m */; };
		04AF4B1F2CC751DF00AF2B93 /* YTTestCollectionViewCell.xib in Resources */ = {isa = PBXBuildFile; fileRef = 04AF4B1D2CC751DF00AF2B93 /* YTTestCollectionViewCell.xib */; };
		04C287FA2CC8D95D00E453F5 /* TestCollectionReusableView.m in Sources */ = {isa = PBXBuildFile; fileRef = 04C287F82CC8D95D00E453F5 /* TestCollectionReusableView.m */; };
		04C287FE2CC8F64700E453F5 /* YTTestView.m in Sources */ = {isa = PBXBuildFile; fileRef = 04C287FD2CC8F64700E453F5 /* YTTestView.m */; };
		04C288022CC8F66200E453F5 /* YTTestView.xib in Resources */ = {isa = PBXBuildFile; fileRef = 04C288012CC8F66200E453F5 /* YTTestView.xib */; };
		04C288072CC8F6F100E453F5 /* YTXibBaseView.m in Sources */ = {isa = PBXBuildFile; fileRef = 04C288062CC8F6F100E453F5 /* YTXibBaseView.m */; };
		04C288092CC8F79300E453F5 /* TestCollectionReusableView.xib in Resources */ = {isa = PBXBuildFile; fileRef = 04C288082CC8F79300E453F5 /* TestCollectionReusableView.xib */; };
		6B9A19FF3B9129789256FD7C /* libPods-TestCollectionView.a in Frameworks */ = {isa = PBXBuildFile; fileRef = 3A6FD44A0313A4DE8F84F0A0 /* libPods-TestCollectionView.a */; };
/* End PBXBuildFile section */

/* Begin PBXFileReference section */
		04AF4AFF2CC74EE200AF2B93 /* TestCollectionView.app */ = {isa = PBXFileReference; explicitFileType = wrapper.application; includeInIndex = 0; path = TestCollectionView.app; sourceTree = BUILT_PRODUCTS_DIR; };
		04AF4B022CC74EE200AF2B93 /* AppDelegate.h */ = {isa = PBXFileReference; lastKnownFileType = sourcecode.c.h; path = AppDelegate.h; sourceTree = "<group>"; };
		04AF4B032CC74EE200AF2B93 /* AppDelegate.m */ = {isa = PBXFileReference; lastKnownFileType = sourcecode.c.objc; path = AppDelegate.m; sourceTree = "<group>"; };
		04AF4B052CC74EE200AF2B93 /* SceneDelegate.h */ = {isa = PBXFileReference; lastKnownFileType = sourcecode.c.h; path = SceneDelegate.h; sourceTree = "<group>"; };
		04AF4B062CC74EE200AF2B93 /* SceneDelegate.m */ = {isa = PBXFileReference; lastKnownFileType = sourcecode.c.objc; path = SceneDelegate.m; sourceTree = "<group>"; };
		04AF4B082CC74EE200AF2B93 /* ViewController.h */ = {isa = PBXFileReference; lastKnownFileType = sourcecode.c.h; path = ViewController.h; sourceTree = "<group>"; };
		04AF4B092CC74EE200AF2B93 /* ViewController.m */ = {isa = PBXFileReference; lastKnownFileType = sourcecode.c.objc; path = ViewController.m; sourceTree = "<group>"; };
		04AF4B0C2CC74EE200AF2B93 /* Base */ = {isa = PBXFileReference; lastKnownFileType = file.storyboard; name = Base; path = Base.lproj/Main.storyboard; sourceTree = "<group>"; };
		04AF4B0E2CC74EE700AF2B93 /* Assets.xcassets */ = {isa = PBXFileReference; lastKnownFileType = folder.assetcatalog; path = Assets.xcassets; sourceTree = "<group>"; };
		04AF4B112CC74EE700AF2B93 /* Base */ = {isa = PBXFileReference; lastKnownFileType = file.storyboard; name = Base; path = Base.lproj/LaunchScreen.storyboard; sourceTree = "<group>"; };
		04AF4B132CC74EE700AF2B93 /* Info.plist */ = {isa = PBXFileReference; lastKnownFileType = text.plist.xml; path = Info.plist; sourceTree = "<group>"; };
		04AF4B142CC74EE700AF2B93 /* main.m */ = {isa = PBXFileReference; lastKnownFileType = sourcecode.c.objc; path = main.m; sourceTree = "<group>"; };
		04AF4B1B2CC751DE00AF2B93 /* YTTestCollectionViewCell.h */ = {isa = PBXFileReference; lastKnownFileType = sourcecode.c.h; path = YTTestCollectionViewCell.h; sourceTree = "<group>"; };
		04AF4B1C2CC751DF00AF2B93 /* YTTestCollectionViewCell.m */ = {isa = PBXFileReference; lastKnownFileType = sourcecode.c.objc; path = YTTestCollectionViewCell.m; sourceTree = "<group>"; };
		04AF4B1D2CC751DF00AF2B93 /* YTTestCollectionViewCell.xib */ = {isa = PBXFileReference; lastKnownFileType = file.xib; path = YTTestCollectionViewCell.xib; sourceTree = "<group>"; };
		04C287F72CC8D95D00E453F5 /* TestCollectionReusableView.h */ = {isa = PBXFileReference; lastKnownFileType = sourcecode.c.h; path = TestCollectionReusableView.h; sourceTree = "<group>"; };
		04C287F82CC8D95D00E453F5 /* TestCollectionReusableView.m */ = {isa = PBXFileReference; lastKnownFileType = sourcecode.c.objc; path = TestCollectionReusableView.m; sourceTree = "<group>"; };
		04C287FC2CC8F64700E453F5 /* YTTestView.h */ = {isa = PBXFileReference; lastKnownFileType = sourcecode.c.h; path = YTTestView.h; sourceTree = "<group>"; };
		04C287FD2CC8F64700E453F5 /* YTTestView.m */ = {isa = PBXFileReference; lastKnownFileType = sourcecode.c.objc; path = YTTestView.m; sourceTree = "<group>"; };
		04C288012CC8F66200E453F5 /* YTTestView.xib */ = {isa = PBXFileReference; lastKnownFileType = file.xib; path = YTTestView.xib; sourceTree = "<group>"; };
		04C288052CC8F6F000E453F5 /* YTXibBaseView.h */ = {isa = PBXFileReference; fileEncoding = 4; lastKnownFileType = sourcecode.c.h; path = YTXibBaseView.h; sourceTree = "<group>"; };
		04C288062CC8F6F100E453F5 /* YTXibBaseView.m */ = {isa = PBXFileReference; fileEncoding = 4; lastKnownFileType = sourcecode.c.objc; path = YTXibBaseView.m; sourceTree = "<group>"; };
		04C288082CC8F79300E453F5 /* TestCollectionReusableView.xib */ = {isa = PBXFileReference; fileEncoding = 4; lastKnownFileType = file.xib; path = TestCollectionReusableView.xib; sourceTree = "<group>"; };
		3A6FD44A0313A4DE8F84F0A0 /* libPods-TestCollectionView.a */ = {isa = PBXFileReference; explicitFileType = archive.ar; includeInIndex = 0; path = "libPods-TestCollectionView.a"; sourceTree = BUILT_PRODUCTS_DIR; };
		3F5E1144492B706B32888959 /* Pods-TestCollectionView.debug.xcconfig */ = {isa = PBXFileReference; includeInIndex = 1; lastKnownFileType = text.xcconfig; name = "Pods-TestCollectionView.debug.xcconfig"; path = "Target Support Files/Pods-TestCollectionView/Pods-TestCollectionView.debug.xcconfig"; sourceTree = "<group>"; };
		4AF14834F3A0CCEEF57095F7 /* Pods-TestCollectionView.release.xcconfig */ = {isa = PBXFileReference; includeInIndex = 1; lastKnownFileType = text.xcconfig; name = "Pods-TestCollectionView.release.xcconfig"; path = "Target Support Files/Pods-TestCollectionView/Pods-TestCollectionView.release.xcconfig"; sourceTree = "<group>"; };
/* End PBXFileReference section */

/* Begin PBXFrameworksBuildPhase section */
		04AF4AFC2CC74EE200AF2B93 /* Frameworks */ = {
			isa = PBXFrameworksBuildPhase;
			buildActionMask = 2147483647;
			files = (
				6B9A19FF3B9129789256FD7C /* libPods-TestCollectionView.a in Frameworks */,
			);
			runOnlyForDeploymentPostprocessing = 0;
		};
/* End PBXFrameworksBuildPhase section */

/* Begin PBXGroup section */
		04AF4AF62CC74EE200AF2B93 = {
			isa = PBXGroup;
			children = (
				04AF4B012CC74EE200AF2B93 /* TestCollectionView */,
				04AF4B002CC74EE200AF2B93 /* Products */,
				4EA92E7B2C32105BDB40BD87 /* Pods */,
				FCBED9090E41ACB4449BB190 /* Frameworks */,
			);
			sourceTree = "<group>";
		};
		04AF4B002CC74EE200AF2B93 /* Products */ = {
			isa = PBXGroup;
			children = (
				04AF4AFF2CC74EE200AF2B93 /* TestCollectionView.app */,
			);
			name = Products;
			sourceTree = "<group>";
		};
		04AF4B012CC74EE200AF2B93 /* TestCollectionView */ = {
			isa = PBXGroup;
			children = (
				04AF4B022CC74EE200AF2B93 /* AppDelegate.h */,
				04AF4B032CC74EE200AF2B93 /* AppDelegate.m */,
				04AF4B052CC74EE200AF2B93 /* SceneDelegate.h */,
				04AF4B062CC74EE200AF2B93 /* SceneDelegate.m */,
				04AF4B082CC74EE200AF2B93 /* ViewController.h */,
				04AF4B092CC74EE200AF2B93 /* ViewController.m */,
				04AF4B1B2CC751DE00AF2B93 /* YTTestCollectionViewCell.h */,
				04AF4B1C2CC751DF00AF2B93 /* YTTestCollectionViewCell.m */,
				04AF4B1D2CC751DF00AF2B93 /* YTTestCollectionViewCell.xib */,
				04C287F72CC8D95D00E453F5 /* TestCollectionReusableView.h */,
				04C287F82CC8D95D00E453F5 /* TestCollectionReusableView.m */,
				04C288082CC8F79300E453F5 /* TestCollectionReusableView.xib */,
				04C287FC2CC8F64700E453F5 /* YTTestView.h */,
				04C287FD2CC8F64700E453F5 /* YTTestView.m */,
				04C288012CC8F66200E453F5 /* YTTestView.xib */,
				04C288052CC8F6F000E453F5 /* YTXibBaseView.h */,
				04C288062CC8F6F100E453F5 /* YTXibBaseView.m */,
				04AF4B0B2CC74EE200AF2B93 /* Main.storyboard */,
				04AF4B0E2CC74EE700AF2B93 /* Assets.xcassets */,
				04AF4B102CC74EE700AF2B93 /* LaunchScreen.storyboard */,
				04AF4B132CC74EE700AF2B93 /* Info.plist */,
				04AF4B142CC74EE700AF2B93 /* main.m */,
			);
			path = TestCollectionView;
			sourceTree = "<group>";
		};
		4EA92E7B2C32105BDB40BD87 /* Pods */ = {
			isa = PBXGroup;
			children = (
				3F5E1144492B706B32888959 /* Pods-TestCollectionView.debug.xcconfig */,
				4AF14834F3A0CCEEF57095F7 /* Pods-TestCollectionView.release.xcconfig */,
			);
			path = Pods;
			sourceTree = "<group>";
		};
		FCBED9090E41ACB4449BB190 /* Frameworks */ = {
			isa = PBXGroup;
			children = (
				3A6FD44A0313A4DE8F84F0A0 /* libPods-TestCollectionView.a */,
			);
			name = Frameworks;
			sourceTree = "<group>";
		};
/* End PBXGroup section */

/* Begin PBXNativeTarget section */
		04AF4AFE2CC74EE200AF2B93 /* TestCollectionView */ = {
			isa = PBXNativeTarget;
			buildConfigurationList = 04AF4B182CC74EE700AF2B93 /* Build configuration list for PBXNativeTarget "TestCollectionView" */;
			buildPhases = (
				C375ABE5F0D46115BC075B53 /* [CP] Check Pods Manifest.lock */,
				04AF4AFB2CC74EE200AF2B93 /* Sources */,
				04AF4AFC2CC74EE200AF2B93 /* Frameworks */,
				04AF4AFD2CC74EE200AF2B93 /* Resources */,
			);
			buildRules = (
			);
			dependencies = (
			);
			name = TestCollectionView;
			productName = TestCollectionView;
			productReference = 04AF4AFF2CC74EE200AF2B93 /* TestCollectionView.app */;
			productType = "com.apple.product-type.application";
		};
/* End PBXNativeTarget section */

/* Begin PBXProject section */
		04AF4AF72CC74EE200AF2B93 /* Project object */ = {
			isa = PBXProject;
			attributes = {
				BuildIndependentTargetsInParallel = 1;
				LastUpgradeCheck = 1520;
				TargetAttributes = {
					04AF4AFE2CC74EE200AF2B93 = {
						CreatedOnToolsVersion = 15.2;
					};
				};
			};
			buildConfigurationList = 04AF4AFA2CC74EE200AF2B93 /* Build configuration list for PBXProject "TestCollectionView" */;
			compatibilityVersion = "Xcode 14.0";
			developmentRegion = en;
			hasScannedForEncodings = 0;
			knownRegions = (
				en,
				Base,
			);
			mainGroup = 04AF4AF62CC74EE200AF2B93;
			productRefGroup = 04AF4B002CC74EE200AF2B93 /* Products */;
			projectDirPath = "";
			projectRoot = "";
			targets = (
				04AF4AFE2CC74EE200AF2B93 /* TestCollectionView */,
			);
		};
/* End PBXProject section */

/* Begin PBXResourcesBuildPhase section */
		04AF4AFD2CC74EE200AF2B93 /* Resources */ = {
			isa = PBXResourcesBuildPhase;
			buildActionMask = 2147483647;
			files = (
				04AF4B122CC74EE700AF2B93 /* LaunchScreen.storyboard in Resources */,
				04C288092CC8F79300E453F5 /* TestCollectionReusableView.xib in Resources */,
				04AF4B1F2CC751DF00AF2B93 /* YTTestCollectionViewCell.xib in Resources */,
				04AF4B0F2CC74EE700AF2B93 /* Assets.xcassets in Resources */,
				04AF4B0D2CC74EE200AF2B93 /* Main.storyboard in Resources */,
				04C288022CC8F66200E453F5 /* YTTestView.xib in Resources */,
			);
			runOnlyForDeploymentPostprocessing = 0;
		};
/* End PBXResourcesBuildPhase section */

/* Begin PBXShellScriptBuildPhase section */
		C375ABE5F0D46115BC075B53 /* [CP] Check Pods Manifest.lock */ = {
			isa = PBXShellScriptBuildPhase;
			buildActionMask = 2147483647;
			files = (
			);
			inputFileListPaths = (
			);
			inputPaths = (
				"${PODS_PODFILE_DIR_PATH}/Podfile.lock",
				"${PODS_ROOT}/Manifest.lock",
			);
			name = "[CP] Check Pods Manifest.lock";
			outputFileListPaths = (
			);
			outputPaths = (
				"$(DERIVED_FILE_DIR)/Pods-TestCollectionView-checkManifestLockResult.txt",
			);
			runOnlyForDeploymentPostprocessing = 0;
			shellPath = /bin/sh;
			shellScript = "diff \"${PODS_PODFILE_DIR_PATH}/Podfile.lock\" \"${PODS_ROOT}/Manifest.lock\" > /dev/null\nif [ $? != 0 ] ; then\n    # print error to STDERR\n    echo \"error: The sandbox is not in sync with the Podfile.lock. Run 'pod install' or update your CocoaPods installation.\" >&2\n    exit 1\nfi\n# This output is used by Xcode 'outputs' to avoid re-running this script phase.\necho \"SUCCESS\" > \"${SCRIPT_OUTPUT_FILE_0}\"\n";
			showEnvVarsInLog = 0;
		};
/* End PBXShellScriptBuildPhase section */

/* Begin PBXSourcesBuildPhase section */
		04AF4AFB2CC74EE200AF2B93 /* Sources */ = {
			isa = PBXSourcesBuildPhase;
			buildActionMask = 2147483647;
			files = (
				04C288072CC8F6F100E453F5 /* YTXibBaseView.m in Sources */,
				04C287FE2CC8F64700E453F5 /* YTTestView.m in Sources */,
				04AF4B0A2CC74EE200AF2B93 /* ViewController.m in Sources */,
				04AF4B042CC74EE200AF2B93 /* AppDelegate.m in Sources */,
				04AF4B152CC74EE700AF2B93 /* main.m in Sources */,
				04C287FA2CC8D95D00E453F5 /* TestCollectionReusableView.m in Sources */,
				04AF4B1E2CC751DF00AF2B93 /* YTTestCollectionViewCell.m in Sources */,
				04AF4B072CC74EE200AF2B93 /* SceneDelegate.m in Sources */,
			);
			runOnlyForDeploymentPostprocessing = 0;
		};
/* End PBXSourcesBuildPhase section */

/* Begin PBXVariantGroup section */
		04AF4B0B2CC74EE200AF2B93 /* Main.storyboard */ = {
			isa = PBXVariantGroup;
			children = (
				04AF4B0C2CC74EE200AF2B93 /* Base */,
			);
			name = Main.storyboard;
			sourceTree = "<group>";
		};
		04AF4B102CC74EE700AF2B93 /* LaunchScreen.storyboard */ = {
			isa = PBXVariantGroup;
			children = (
				04AF4B112CC74EE700AF2B93 /* Base */,
			);
			name = LaunchScreen.storyboard;
			sourceTree = "<group>";
		};
/* End PBXVariantGroup section */

/* Begin XCBuildConfiguration section */
		04AF4B162CC74EE700AF2B93 /* Debug */ = {
			isa = XCBuildConfiguration;
			buildSettings = {
				ALWAYS_SEARCH_USER_PATHS = NO;
				ASSETCATALOG_COMPILER_GENERATE_SWIFT_ASSET_SYMBOL_EXTENSIONS = YES;
				CLANG_ANALYZER_NONNULL = YES;
				CLANG_ANALYZER_NUMBER_OBJECT_CONVERSION = YES_AGGRESSIVE;
				CLANG_CXX_LANGUAGE_STANDARD = "gnu++20";
				CLANG_ENABLE_MODULES = YES;
				CLANG_ENABLE_OBJC_ARC = YES;
				CLANG_ENABLE_OBJC_WEAK = YES;
				CLANG_WARN_BLOCK_CAPTURE_AUTORELEASING = YES;
				CLANG_WARN_BOOL_CONVERSION = YES;
				CLANG_WARN_COMMA = YES;
				CLANG_WARN_CONSTANT_CONVERSION = YES;
				CLANG_WARN_DEPRECATED_OBJC_IMPLEMENTATIONS = YES;
				CLANG_WARN_DIRECT_OBJC_ISA_USAGE = YES_ERROR;
				CLANG_WARN_DOCUMENTATION_COMMENTS = YES;
				CLANG_WARN_EMPTY_BODY = YES;
				CLANG_WARN_ENUM_CONVERSION = YES;
				CLANG_WARN_INFINITE_RECURSION = YES;
				CLANG_WARN_INT_CONVERSION = YES;
				CLANG_WARN_NON_LITERAL_NULL_CONVERSION = YES;
				CLANG_WARN_OBJC_IMPLICIT_RETAIN_SELF = YES;
				CLANG_WARN_OBJC_LITERAL_CONVERSION = YES;
				CLANG_WARN_OBJC_ROOT_CLASS = YES_ERROR;
				CLANG_WARN_QUOTED_INCLUDE_IN_FRAMEWORK_HEADER = YES;
				CLANG_WARN_RANGE_LOOP_ANALYSIS = YES;
				CLANG_WARN_STRICT_PROTOTYPES = YES;
				CLANG_WARN_SUSPICIOUS_MOVE = YES;
				CLANG_WARN_UNGUARDED_AVAILABILITY = YES_AGGRESSIVE;
				CLANG_WARN_UNREACHABLE_CODE = YES;
				CLANG_WARN__DUPLICATE_METHOD_MATCH = YES;
				COPY_PHASE_STRIP = NO;
				DEBUG_INFORMATION_FORMAT = dwarf;
				ENABLE_STRICT_OBJC_MSGSEND = YES;
				ENABLE_TESTABILITY = YES;
				ENABLE_USER_SCRIPT_SANDBOXING = YES;
				GCC_C_LANGUAGE_STANDARD = gnu17;
				GCC_DYNAMIC_NO_PIC = NO;
				GCC_NO_COMMON_BLOCKS = YES;
				GCC_OPTIMIZATION_LEVEL = 0;
				GCC_PREPROCESSOR_DEFINITIONS = (
					"DEBUG=1",
					"$(inherited)",
				);
				GCC_WARN_64_TO_32_BIT_CONVERSION = YES;
				GCC_WARN_ABOUT_RETURN_TYPE = YES_ERROR;
				GCC_WARN_UNDECLARED_SELECTOR = YES;
				GCC_WARN_UNINITIALIZED_AUTOS = YES_AGGRESSIVE;
				GCC_WARN_UNUSED_FUNCTION = YES;
				GCC_WARN_UNUSED_VARIABLE = YES;
				IPHONEOS_DEPLOYMENT_TARGET = 17.2;
				LOCALIZATION_PREFERS_STRING_CATALOGS = YES;
				MTL_ENABLE_DEBUG_INFO = INCLUDE_SOURCE;
				MTL_FAST_MATH = YES;
				ONLY_ACTIVE_ARCH = YES;
				SDKROOT = iphoneos;
			};
			name = Debug;
		};
		04AF4B172CC74EE700AF2B93 /* Release */ = {
			isa = XCBuildConfiguration;
			buildSettings = {
				ALWAYS_SEARCH_USER_PATHS = NO;
				ASSETCATALOG_COMPILER_GENERATE_SWIFT_ASSET_SYMBOL_EXTENSIONS = YES;
				CLANG_ANALYZER_NONNULL = YES;
				CLANG_ANALYZER_NUMBER_OBJECT_CONVERSION = YES_AGGRESSIVE;
				CLANG_CXX_LANGUAGE_STANDARD = "gnu++20";
				CLANG_ENABLE_MODULES = YES;
				CLANG_ENABLE_OBJC_ARC = YES;
				CLANG_ENABLE_OBJC_WEAK = YES;
				CLANG_WARN_BLOCK_CAPTURE_AUTORELEASING = YES;
				CLANG_WARN_BOOL_CONVERSION = YES;
				CLANG_WARN_COMMA = YES;
				CLANG_WARN_CONSTANT_CONVERSION = YES;
				CLANG_WARN_DEPRECATED_OBJC_IMPLEMENTATIONS = YES;
				CLANG_WARN_DIRECT_OBJC_ISA_USAGE = YES_ERROR;
				CLANG_WARN_DOCUMENTATION_COMMENTS = YES;
				CLANG_WARN_EMPTY_BODY = YES;
				CLANG_WARN_ENUM_CONVERSION = YES;
				CLANG_WARN_INFINITE_RECURSION = YES;
				CLANG_WARN_INT_CONVERSION = YES;
				CLANG_WARN_NON_LITERAL_NULL_CONVERSION = YES;
				CLANG_WARN_OBJC_IMPLICIT_RETAIN_SELF = YES;
				CLANG_WARN_OBJC_LITERAL_CONVERSION = YES;
				CLANG_WARN_OBJC_ROOT_CLASS = YES_ERROR;
				CLANG_WARN_QUOTED_INCLUDE_IN_FRAMEWORK_HEADER = YES;
				CLANG_WARN_RANGE_LOOP_ANALYSIS = YES;
				CLANG_WARN_STRICT_PROTOTYPES = YES;
				CLANG_WARN_SUSPICIOUS_MOVE = YES;
				CLANG_WARN_UNGUARDED_AVAILABILITY = YES_AGGRESSIVE;
				CLANG_WARN_UNREACHABLE_CODE = YES;
				CLANG_WARN__DUPLICATE_METHOD_MATCH = YES;
				COPY_PHASE_STRIP = NO;
				DEBUG_INFORMATION_FORMAT = "dwarf-with-dsym";
				ENABLE_NS_ASSERTIONS = NO;
				ENABLE_STRICT_OBJC_MSGSEND = YES;
				ENABLE_USER_SCRIPT_SANDBOXING = YES;
				GCC_C_LANGUAGE_STANDARD = gnu17;
				GCC_NO_COMMON_BLOCKS = YES;
				GCC_WARN_64_TO_32_BIT_CONVERSION = YES;
				GCC_WARN_ABOUT_RETURN_TYPE = YES_ERROR;
				GCC_WARN_UNDECLARED_SELECTOR = YES;
				GCC_WARN_UNINITIALIZED_AUTOS = YES_AGGRESSIVE;
				GCC_WARN_UNUSED_FUNCTION = YES;
				GCC_WARN_UNUSED_VARIABLE = YES;
				IPHONEOS_DEPLOYMENT_TARGET = 17.2;
				LOCALIZATION_PREFERS_STRING_CATALOGS = YES;
				MTL_ENABLE_DEBUG_INFO = NO;
				MTL_FAST_MATH = YES;
				SDKROOT = iphoneos;
				VALIDATE_PRODUCT = YES;
			};
			name = Release;
		};
		04AF4B192CC74EE700AF2B93 /* Debug */ = {
			isa = XCBuildConfiguration;
			baseConfigurationReference = 3F5E1144492B706B32888959 /* Pods-TestCollectionView.debug.xcconfig */;
			buildSettings = {
				ASSETCATALOG_COMPILER_APPICON_NAME = AppIcon;
				ASSETCATALOG_COMPILER_GLOBAL_ACCENT_COLOR_NAME = AccentColor;
				CODE_SIGN_STYLE = Automatic;
				CURRENT_PROJECT_VERSION = 1;
				GENERATE_INFOPLIST_FILE = YES;
				INFOPLIST_FILE = TestCollectionView/Info.plist;
				INFOPLIST_KEY_UIApplicationSupportsIndirectInputEvents = YES;
				INFOPLIST_KEY_UILaunchStoryboardName = LaunchScreen;
				INFOPLIST_KEY_UIMainStoryboardFile = Main;
				INFOPLIST_KEY_UISupportedInterfaceOrientations_iPad = "UIInterfaceOrientationPortrait UIInterfaceOrientationPortraitUpsideDown UIInterfaceOrientationLandscapeLeft UIInterfaceOrientationLandscapeRight";
				INFOPLIST_KEY_UISupportedInterfaceOrientations_iPhone = "UIInterfaceOrientationPortrait UIInterfaceOrientationLandscapeLeft UIInterfaceOrientationLandscapeRight";
				LD_RUNPATH_SEARCH_PATHS = (
					"$(inherited)",
					"@executable_path/Frameworks",
				);
				MARKETING_VERSION = 1.0;
				PRODUCT_BUNDLE_IDENTIFIER = com.yutong.tststssss.TestCollectionView;
				PRODUCT_NAME = "$(TARGET_NAME)";
				SWIFT_EMIT_LOC_STRINGS = YES;
				TARGETED_DEVICE_FAMILY = "1,2";
			};
			name = Debug;
		};
		04AF4B1A2CC74EE700AF2B93 /* Release */ = {
			isa = XCBuildConfiguration;
			baseConfigurationReference = 4AF14834F3A0CCEEF57095F7 /* Pods-TestCollectionView.release.xcconfig */;
			buildSettings = {
				ASSETCATALOG_COMPILER_APPICON_NAME = AppIcon;
				ASSETCATALOG_COMPILER_GLOBAL_ACCENT_COLOR_NAME = AccentColor;
				CODE_SIGN_STYLE = Automatic;
				CURRENT_PROJECT_VERSION = 1;
				GENERATE_INFOPLIST_FILE = YES;
				INFOPLIST_FILE = TestCollectionView/Info.plist;
				INFOPLIST_KEY_UIApplicationSupportsIndirectInputEvents = YES;
				INFOPLIST_KEY_UILaunchStoryboardName = LaunchScreen;
				INFOPLIST_KEY_UIMainStoryboardFile = Main;
				INFOPLIST_KEY_UISupportedInterfaceOrientations_iPad = "UIInterfaceOrientationPortrait UIInterfaceOrientationPortraitUpsideDown UIInterfaceOrientationLandscapeLeft UIInterfaceOrientationLandscapeRight";
				INFOPLIST_KEY_UISupportedInterfaceOrientations_iPhone = "UIInterfaceOrientationPortrait UIInterfaceOrientationLandscapeLeft UIInterfaceOrientationLandscapeRight";
				LD_RUNPATH_SEARCH_PATHS = (
					"$(inherited)",
					"@executable_path/Frameworks",
				);
				MARKETING_VERSION = 1.0;
				PRODUCT_BUNDLE_IDENTIFIER = com.yutong.tststssss.TestCollectionView;
				PRODUCT_NAME = "$(TARGET_NAME)";
				SWIFT_EMIT_LOC_STRINGS = YES;
				TARGETED_DEVICE_FAMILY = "1,2";
			};
			name = Release;
		};
/* End XCBuildConfiguration section */

/* Begin XCConfigurationList section */
		04AF4AFA2CC74EE200AF2B93 /* Build configuration list for PBXProject "TestCollectionView" */ = {
			isa = XCConfigurationList;
			buildConfigurations = (
				04AF4B162CC74EE700AF2B93 /* Debug */,
				04AF4B172CC74EE700AF2B93 /* Release */,
			);
			defaultConfigurationIsVisible = 0;
			defaultConfigurationName = Release;
		};
		04AF4B182CC74EE700AF2B93 /* Build configuration list for PBXNativeTarget "TestCollectionView" */ = {
			isa = XCConfigurationList;
			buildConfigurations = (
				04AF4B192CC74EE700AF2B93 /* Debug */,
				04AF4B1A2CC74EE700AF2B93 /* Release */,
			);
			defaultConfigurationIsVisible = 0;
			defaultConfigurationName = Release;
		};
/* End XCConfigurationList section */
	};
	rootObject = 04AF4AF72CC74EE200AF2B93 /* Project object */;
}
